<Solution>
  <Configurations>
    <BuildType Name="CodeAnalysis" />
    <BuildType Name="Debug" />
    <BuildType Name="Release" />
    <BuildType Name="UpdateContentVersion" />
  </Configurations>
  <Folder Name="/Contrib/">
    <Project Path="Contrib/ContentChecker/ContentChecker.csproj" />
    <Project Path="Contrib/ContentManager/ContentManager.csproj" />
    <Project Path="Contrib/SimulatorTester/SimulatorTester.csproj" />
    <Project Path="Contrib/TrackViewer/TrackViewer.Legacy.csproj" />
  </Folder>
  <Folder Name="/Solution Items/">
    <File Path="../CONTRIBUTING.md" />
    <File Path="../README.md" />
    <File Path="../SUPPORT.md" />
    <File Path="../WHATSNEW.md" />
    <File Path=".config/dotnet-tools.json" />
    <File Path=".editorconfig" />
    <File Path="Directory.Build.props" />
    <File Path="global.json" />
    <File Path="version.json" />
  </Folder>
  <Folder Name="/Test/">
    <Project Path="Test/Tests.FreeTrainSimulator/Tests.FreeTrainSimulator.csproj" />
    <Project Path="Test/Tests.Orts/Tests.Orts.csproj" />
  </Folder>
  <Project Path="ActivityRunner/ActivityRunner.csproj" />
  <Project Path="FreeTrainSimulator.Common/FreeTrainSimulator.Common.csproj" />
  <Project Path="FreeTrainSimulator.Graphics/FreeTrainSimulator.Graphics.csproj" />
  <Project Path="FreeTrainSimulator.Models.Imported/FreeTrainSimulator.Models.Imported.csproj" />
  <Project Path="FreeTrainSimulator.Models/FreeTrainSimulator.Models.csproj" />
  <Project Path="FreeTrainSimulator.Online/FreeTrainSimulator.Online.csproj" />
  <Project Path="FreetrainSimulator.Runtime/FreetrainSimulator.Runtime.csproj">
    <BuildType Solution="UpdateContentVersion|*" Project="Release" />
  </Project>
  <Project Path="FreeTrainSimulator.Updater/FreeTrainSimulator.Updater.csproj" />
  <Project Path="Launcher/Launcher.csproj" />
  <Project Path="Menu/Menu.csproj" />
  <Project Path="Multiplayer.Hub/Multiplayer.Hub.csproj" />
  <Project Path="Orts.Formats/Orts.Formats.csproj" />
  <Project Path="Orts.Scripting.Api/Orts.Scripting.Api.csproj" />
  <Project Path="Orts.Simulation/Orts.Simulation.csproj" />
  <Project Path="Toolbox/Toolbox.csproj" />
  <Project Path="Updater/Updater.csproj" />
</Solution>
